// !$*UTF8*$!
{
	archiveVersion = 1;
	classes = {
	};
	objectVersion = 50;
	objects = {

/* Begin PBXBuildFile section */
		E406A21A23E2DD3E00F4ECC5 /* TopItemsPresenterTests.swift in Sources */ = {isa = PBXBuildFile; fileRef = E406A21923E2DD3E00F4ECC5 /* TopItemsPresenterTests.swift */; };
		E406A21D23E2DEFF00F4ECC5 /* BaseError.swift in Sources */ = {isa = PBXBuildFile; fileRef = E406A21C23E2DEFF00F4ECC5 /* BaseError.swift */; };
		E406A22123E2F47600F4ECC5 /* TopItemsTestData.json in Resources */ = {isa = PBXBuildFile; fileRef = E406A21F23E2DF9200F4ECC5 /* TopItemsTestData.json */; };
		E406A22423E2F51900F4ECC5 /* PhotoPresenterUnitTests.swift in Sources */ = {isa = PBXBuildFile; fileRef = E406A22323E2F51900F4ECC5 /* PhotoPresenterUnitTests.swift */; };
		E406A22623E2F95300F4ECC5 /* PhotoRouter.swift in Sources */ = {isa = PBXBuildFile; fileRef = E406A22523E2F95300F4ECC5 /* PhotoRouter.swift */; };
		E4592F4923E05D2C00102B8D /* RedditAPI.swift in Sources */ = {isa = PBXBuildFile; fileRef = E4592F4823E05D2C00102B8D /* RedditAPI.swift */; };
		E4602F9623E06041001E7978 /* Post.swift in Sources */ = {isa = PBXBuildFile; fileRef = E4602F9523E06041001E7978 /* Post.swift */; };
		E4602F9823E06941001E7978 /* NetworkLayer.swift in Sources */ = {isa = PBXBuildFile; fileRef = E4602F9723E06941001E7978 /* NetworkLayer.swift */; };
		E4602F9A23E06971001E7978 /* NetworkLogger.swift in Sources */ = {isa = PBXBuildFile; fileRef = E4602F9923E06971001E7978 /* NetworkLogger.swift */; };
		E4602FA523E06D6C001E7978 /* TopItemsPresenter.swift in Sources */ = {isa = PBXBuildFile; fileRef = E4602F9F23E06D6C001E7978 /* TopItemsPresenter.swift */; };
		E4602FA623E06D6C001E7978 /* TopItemsRouter.swift in Sources */ = {isa = PBXBuildFile; fileRef = E4602FA023E06D6C001E7978 /* TopItemsRouter.swift */; };
		E4602FA723E06D6C001E7978 /* TopItemsViewController.swift in Sources */ = {isa = PBXBuildFile; fileRef = E4602FA123E06D6C001E7978 /* TopItemsViewController.swift */; };
		E4602FA923E06D6C001E7978 /* TopItemsAssembly.swift in Sources */ = {isa = PBXBuildFile; fileRef = E4602FA323E06D6C001E7978 /* TopItemsAssembly.swift */; };
		E4602FAA23E06D6C001E7978 /* TopItemsInteractor.swift in Sources */ = {isa = PBXBuildFile; fileRef = E4602FA423E06D6C001E7978 /* TopItemsInteractor.swift */; };
		E4602FAE23E06E0F001E7978 /* PostViewModel.swift in Sources */ = {isa = PBXBuildFile; fileRef = E4602FAD23E06E0F001E7978 /* PostViewModel.swift */; };
		E4602FB123E06E41001E7978 /* TableElement.swift in Sources */ = {isa = PBXBuildFile; fileRef = E4602FB023E06E41001E7978 /* TableElement.swift */; };
		E4602FB423E06EFE001E7978 /* Command.swift in Sources */ = {isa = PBXBuildFile; fileRef = E4602FB323E06EFE001E7978 /* Command.swift */; };
		E4602FB823E06F77001E7978 /* TopItemsProps.swift in Sources */ = {isa = PBXBuildFile; fileRef = E4602FB723E06F77001E7978 /* TopItemsProps.swift */; };
		E4602FBB23E06FEE001E7978 /* BaseViewController.swift in Sources */ = {isa = PBXBuildFile; fileRef = E4602FBA23E06FEE001E7978 /* BaseViewController.swift */; };
		E4602FD423E0752B001E7978 /* Lens.swift in Sources */ = {isa = PBXBuildFile; fileRef = E4602FD323E0752B001E7978 /* Lens.swift */; };
		E4602FDA23E07766001E7978 /* PostTableViewCell.swift in Sources */ = {isa = PBXBuildFile; fileRef = E4602FD923E07766001E7978 /* PostTableViewCell.swift */; };
		E4602FDC23E07835001E7978 /* PostTableViewCell.xib in Resources */ = {isa = PBXBuildFile; fileRef = E4602FDB23E07835001E7978 /* PostTableViewCell.xib */; };
		E4602FDE23E07D6E001E7978 /* Array+Extensions.swift in Sources */ = {isa = PBXBuildFile; fileRef = E4602FDD23E07D6E001E7978 /* Array+Extensions.swift */; };
		E4602FE023E0987B001E7978 /* StoryboardInstantiable.swift in Sources */ = {isa = PBXBuildFile; fileRef = E4602FDF23E0987B001E7978 /* StoryboardInstantiable.swift */; };
		E4602FE223E09974001E7978 /* Main.storyboard in Resources */ = {isa = PBXBuildFile; fileRef = E4602FE123E09974001E7978 /* Main.storyboard */; };
		E4602FE423E0A642001E7978 /* UITableView+Extensions.swift in Sources */ = {isa = PBXBuildFile; fileRef = E4602FE323E0A642001E7978 /* UITableView+Extensions.swift */; };
		E4602FE623E0A697001E7978 /* UINib+Extensions.swift in Sources */ = {isa = PBXBuildFile; fileRef = E4602FE523E0A697001E7978 /* UINib+Extensions.swift */; };
		E4602FEA23E17614001E7978 /* AsyncImage.swift in Sources */ = {isa = PBXBuildFile; fileRef = E4602FE923E17614001E7978 /* AsyncImage.swift */; };
		E4602FEC23E1766F001E7978 /* ImageDownloadHelper.swift in Sources */ = {isa = PBXBuildFile; fileRef = E4602FEB23E1766F001E7978 /* ImageDownloadHelper.swift */; };
		E4602FEE23E182A3001E7978 /* Optionals+Extensions.swift in Sources */ = {isa = PBXBuildFile; fileRef = E4602FED23E182A3001E7978 /* Optionals+Extensions.swift */; };
		E4602FF023E1850D001E7978 /* Date+Extensions.swift in Sources */ = {isa = PBXBuildFile; fileRef = E4602FEF23E1850D001E7978 /* Date+Extensions.swift */; };
		E4602FF523E1B50A001E7978 /* PhotoViewController.storyboard in Resources */ = {isa = PBXBuildFile; fileRef = E4602FF423E1B50A001E7978 /* PhotoViewController.storyboard */; };
		E460300423E1B813001E7978 /* PhotoProps.swift in Sources */ = {isa = PBXBuildFile; fileRef = E460300323E1B813001E7978 /* PhotoProps.swift */; };
		E460300B23E1B878001E7978 /* PhotoPresenter.swift in Sources */ = {isa = PBXBuildFile; fileRef = E460300523E1B878001E7978 /* PhotoPresenter.swift */; };
		E460300D23E1B879001E7978 /* PhotoViewController.swift in Sources */ = {isa = PBXBuildFile; fileRef = E460300723E1B878001E7978 /* PhotoViewController.swift */; };
		E460300E23E1B879001E7978 /* PhotoProtocols.swift in Sources */ = {isa = PBXBuildFile; fileRef = E460300823E1B878001E7978 /* PhotoProtocols.swift */; };
		E460300F23E1B879001E7978 /* PhotoAssembly.swift in Sources */ = {isa = PBXBuildFile; fileRef = E460300923E1B878001E7978 /* PhotoAssembly.swift */; };
		E460301023E1B879001E7978 /* PhotoInteractor.swift in Sources */ = {isa = PBXBuildFile; fileRef = E460300A23E1B878001E7978 /* PhotoInteractor.swift */; };
		E460301223E1BD3D001E7978 /* CustomError.swift in Sources */ = {isa = PBXBuildFile; fileRef = E460301123E1BD3D001E7978 /* CustomError.swift */; };
		E460301623E1D2A3001E7978 /* ImageSaver.swift in Sources */ = {isa = PBXBuildFile; fileRef = E460301523E1D2A3001E7978 /* ImageSaver.swift */; };
		E460301C23E2C78E001E7978 /* StateRestorationRouter.swift in Sources */ = {isa = PBXBuildFile; fileRef = E460301B23E2C78E001E7978 /* StateRestorationRouter.swift */; };
		E47204D223E03B1F00A6DA0D /* AppDelegate.swift in Sources */ = {isa = PBXBuildFile; fileRef = E47204D123E03B1F00A6DA0D /* AppDelegate.swift */; };
		E47204D423E03B1F00A6DA0D /* SceneDelegate.swift in Sources */ = {isa = PBXBuildFile; fileRef = E47204D323E03B1F00A6DA0D /* SceneDelegate.swift */; };
		E47204D923E03B1F00A6DA0D /* TopItemsViewController.storyboard in Resources */ = {isa = PBXBuildFile; fileRef = E47204D723E03B1F00A6DA0D /* TopItemsViewController.storyboard */; };
		E47204DB23E03B2000A6DA0D /* Assets.xcassets in Resources */ = {isa = PBXBuildFile; fileRef = E47204DA23E03B2000A6DA0D /* Assets.xcassets */; };
		E47204DE23E03B2000A6DA0D /* LaunchScreen.storyboard in Resources */ = {isa = PBXBuildFile; fileRef = E47204DC23E03B2000A6DA0D /* LaunchScreen.storyboard */; };
/* End PBXBuildFile section */

/* Begin PBXContainerItemProxy section */
		E47204E523E03B2100A6DA0D /* PBXContainerItemProxy */ = {
			isa = PBXContainerItemProxy;
			containerPortal = E47204C623E03B1F00A6DA0D /* Project object */;
			proxyType = 1;
			remoteGlobalIDString = E47204CD23E03B1F00A6DA0D;
			remoteInfo = RingTestProject;
		};
/* End PBXContainerItemProxy section */

/* Begin PBXFileReference section */
		E406A21923E2DD3E00F4ECC5 /* TopItemsPresenterTests.swift */ = {isa = PBXFileReference; lastKnownFileType = sourcecode.swift; path = TopItemsPresenterTests.swift; sourceTree = "<group>"; };
		E406A21C23E2DEFF00F4ECC5 /* BaseError.swift */ = {isa = PBXFileReference; lastKnownFileType = sourcecode.swift; path = BaseError.swift; sourceTree = "<group>"; };
		E406A21F23E2DF9200F4ECC5 /* TopItemsTestData.json */ = {isa = PBXFileReference; explicitFileType = text.json; fileEncoding = 4; path = TopItemsTestData.json; sourceTree = "<group>"; };
		E406A22323E2F51900F4ECC5 /* PhotoPresenterUnitTests.swift */ = {isa = PBXFileReference; lastKnownFileType = sourcecode.swift; path = PhotoPresenterUnitTests.swift; sourceTree = "<group>"; };
		E406A22523E2F95300F4ECC5 /* PhotoRouter.swift */ = {isa = PBXFileReference; lastKnownFileType = sourcecode.swift; path = PhotoRouter.swift; sourceTree = "<group>"; };
		E4592F4823E05D2C00102B8D /* RedditAPI.swift */ = {isa = PBXFileReference; lastKnownFileType = sourcecode.swift; path = RedditAPI.swift; sourceTree = "<group>"; };
		E4602F9523E06041001E7978 /* Post.swift */ = {isa = PBXFileReference; lastKnownFileType = sourcecode.swift; path = Post.swift; sourceTree = "<group>"; };
		E4602F9723E06941001E7978 /* NetworkLayer.swift */ = {isa = PBXFileReference; lastKnownFileType = sourcecode.swift; path = NetworkLayer.swift; sourceTree = "<group>"; };
		E4602F9923E06971001E7978 /* NetworkLogger.swift */ = {isa = PBXFileReference; lastKnownFileType = sourcecode.swift; path = NetworkLogger.swift; sourceTree = "<group>"; };
		E4602F9F23E06D6C001E7978 /* TopItemsPresenter.swift */ = {isa = PBXFileReference; lastKnownFileType = sourcecode.swift; path = TopItemsPresenter.swift; sourceTree = "<group>"; };
		E4602FA023E06D6C001E7978 /* TopItemsRouter.swift */ = {isa = PBXFileReference; lastKnownFileType = sourcecode.swift; path = TopItemsRouter.swift; sourceTree = "<group>"; };
		E4602FA123E06D6C001E7978 /* TopItemsViewController.swift */ = {isa = PBXFileReference; lastKnownFileType = sourcecode.swift; path = TopItemsViewController.swift; sourceTree = "<group>"; };
		E4602FA323E06D6C001E7978 /* TopItemsAssembly.swift */ = {isa = PBXFileReference; lastKnownFileType = sourcecode.swift; path = TopItemsAssembly.swift; sourceTree = "<group>"; };
		E4602FA423E06D6C001E7978 /* TopItemsInteractor.swift */ = {isa = PBXFileReference; lastKnownFileType = sourcecode.swift; path = TopItemsInteractor.swift; sourceTree = "<group>"; };
		E4602FAD23E06E0F001E7978 /* PostViewModel.swift */ = {isa = PBXFileReference; lastKnownFileType = sourcecode.swift; path = PostViewModel.swift; sourceTree = "<group>"; };
		E4602FB023E06E41001E7978 /* TableElement.swift */ = {isa = PBXFileReference; lastKnownFileType = sourcecode.swift; path = TableElement.swift; sourceTree = "<group>"; };
		E4602FB323E06EFE001E7978 /* Command.swift */ = {isa = PBXFileReference; lastKnownFileType = sourcecode.swift; path = Command.swift; sourceTree = "<group>"; };
		E4602FB723E06F77001E7978 /* TopItemsProps.swift */ = {isa = PBXFileReference; lastKnownFileType = sourcecode.swift; path = TopItemsProps.swift; sourceTree = "<group>"; };
		E4602FBA23E06FEE001E7978 /* BaseViewController.swift */ = {isa = PBXFileReference; lastKnownFileType = sourcecode.swift; path = BaseViewController.swift; sourceTree = "<group>"; };
		E4602FD323E0752B001E7978 /* Lens.swift */ = {isa = PBXFileReference; lastKnownFileType = sourcecode.swift; path = Lens.swift; sourceTree = "<group>"; };
		E4602FD923E07766001E7978 /* PostTableViewCell.swift */ = {isa = PBXFileReference; lastKnownFileType = sourcecode.swift; path = PostTableViewCell.swift; sourceTree = "<group>"; };
		E4602FDB23E07835001E7978 /* PostTableViewCell.xib */ = {isa = PBXFileReference; lastKnownFileType = file.xib; path = PostTableViewCell.xib; sourceTree = "<group>"; };
		E4602FDD23E07D6E001E7978 /* Array+Extensions.swift */ = {isa = PBXFileReference; lastKnownFileType = sourcecode.swift; path = "Array+Extensions.swift"; sourceTree = "<group>"; };
		E4602FDF23E0987B001E7978 /* StoryboardInstantiable.swift */ = {isa = PBXFileReference; lastKnownFileType = sourcecode.swift; path = StoryboardInstantiable.swift; sourceTree = "<group>"; };
		E4602FE123E09974001E7978 /* Main.storyboard */ = {isa = PBXFileReference; lastKnownFileType = file.storyboard; path = Main.storyboard; sourceTree = "<group>"; };
		E4602FE323E0A642001E7978 /* UITableView+Extensions.swift */ = {isa = PBXFileReference; lastKnownFileType = sourcecode.swift; path = "UITableView+Extensions.swift"; sourceTree = "<group>"; };
		E4602FE523E0A697001E7978 /* UINib+Extensions.swift */ = {isa = PBXFileReference; lastKnownFileType = sourcecode.swift; path = "UINib+Extensions.swift"; sourceTree = "<group>"; };
		E4602FE923E17614001E7978 /* AsyncImage.swift */ = {isa = PBXFileReference; lastKnownFileType = sourcecode.swift; path = AsyncImage.swift; sourceTree = "<group>"; };
		E4602FEB23E1766F001E7978 /* ImageDownloadHelper.swift */ = {isa = PBXFileReference; lastKnownFileType = sourcecode.swift; path = ImageDownloadHelper.swift; sourceTree = "<group>"; };
		E4602FED23E182A3001E7978 /* Optionals+Extensions.swift */ = {isa = PBXFileReference; lastKnownFileType = sourcecode.swift; path = "Optionals+Extensions.swift"; sourceTree = "<group>"; };
		E4602FEF23E1850D001E7978 /* Date+Extensions.swift */ = {isa = PBXFileReference; lastKnownFileType = sourcecode.swift; path = "Date+Extensions.swift"; sourceTree = "<group>"; };
		E4602FF423E1B50A001E7978 /* PhotoViewController.storyboard */ = {isa = PBXFileReference; lastKnownFileType = file.storyboard; path = PhotoViewController.storyboard; sourceTree = "<group>"; };
		E460300323E1B813001E7978 /* PhotoProps.swift */ = {isa = PBXFileReference; lastKnownFileType = sourcecode.swift; path = PhotoProps.swift; sourceTree = "<group>"; };
		E460300523E1B878001E7978 /* PhotoPresenter.swift */ = {isa = PBXFileReference; lastKnownFileType = sourcecode.swift; path = PhotoPresenter.swift; sourceTree = "<group>"; };
		E460300723E1B878001E7978 /* PhotoViewController.swift */ = {isa = PBXFileReference; lastKnownFileType = sourcecode.swift; path = PhotoViewController.swift; sourceTree = "<group>"; };
		E460300823E1B878001E7978 /* PhotoProtocols.swift */ = {isa = PBXFileReference; lastKnownFileType = sourcecode.swift; path = PhotoProtocols.swift; sourceTree = "<group>"; };
		E460300923E1B878001E7978 /* PhotoAssembly.swift */ = {isa = PBXFileReference; lastKnownFileType = sourcecode.swift; path = PhotoAssembly.swift; sourceTree = "<group>"; };
		E460300A23E1B878001E7978 /* PhotoInteractor.swift */ = {isa = PBXFileReference; lastKnownFileType = sourcecode.swift; path = PhotoInteractor.swift; sourceTree = "<group>"; };
		E460301123E1BD3D001E7978 /* CustomError.swift */ = {isa = PBXFileReference; lastKnownFileType = sourcecode.swift; path = CustomError.swift; sourceTree = "<group>"; };
		E460301523E1D2A3001E7978 /* ImageSaver.swift */ = {isa = PBXFileReference; lastKnownFileType = sourcecode.swift; path = ImageSaver.swift; sourceTree = "<group>"; };
		E460301B23E2C78E001E7978 /* StateRestorationRouter.swift */ = {isa = PBXFileReference; lastKnownFileType = sourcecode.swift; path = StateRestorationRouter.swift; sourceTree = "<group>"; };
		E47204CE23E03B1F00A6DA0D /* RingTestProject.app */ = {isa = PBXFileReference; explicitFileType = wrapper.application; includeInIndex = 0; path = RingTestProject.app; sourceTree = BUILT_PRODUCTS_DIR; };
		E47204D123E03B1F00A6DA0D /* AppDelegate.swift */ = {isa = PBXFileReference; lastKnownFileType = sourcecode.swift; path = AppDelegate.swift; sourceTree = "<group>"; };
		E47204D323E03B1F00A6DA0D /* SceneDelegate.swift */ = {isa = PBXFileReference; lastKnownFileType = sourcecode.swift; path = SceneDelegate.swift; sourceTree = "<group>"; };
		E47204D823E03B1F00A6DA0D /* Base */ = {isa = PBXFileReference; lastKnownFileType = file.storyboard; name = Base; path = Base.lproj/TopItemsViewController.storyboard; sourceTree = "<group>"; };
		E47204DA23E03B2000A6DA0D /* Assets.xcassets */ = {isa = PBXFileReference; lastKnownFileType = folder.assetcatalog; path = Assets.xcassets; sourceTree = "<group>"; };
		E47204DD23E03B2000A6DA0D /* Base */ = {isa = PBXFileReference; lastKnownFileType = file.storyboard; name = Base; path = Base.lproj/LaunchScreen.storyboard; sourceTree = "<group>"; };
		E47204DF23E03B2000A6DA0D /* Info.plist */ = {isa = PBXFileReference; lastKnownFileType = text.plist.xml; path = Info.plist; sourceTree = "<group>"; };
		E47204E423E03B2100A6DA0D /* RingTestProjectTests.xctest */ = {isa = PBXFileReference; explicitFileType = wrapper.cfbundle; includeInIndex = 0; path = RingTestProjectTests.xctest; sourceTree = BUILT_PRODUCTS_DIR; };
		E47204EA23E03B2100A6DA0D /* Info.plist */ = {isa = PBXFileReference; lastKnownFileType = text.plist.xml; path = Info.plist; sourceTree = "<group>"; };
/* End PBXFileReference section */

/* Begin PBXFrameworksBuildPhase section */
		E47204CB23E03B1F00A6DA0D /* Frameworks */ = {
			isa = PBXFrameworksBuildPhase;
			buildActionMask = 2147483647;
			files = (
			);
			runOnlyForDeploymentPostprocessing = 0;
		};
		E47204E123E03B2100A6DA0D /* Frameworks */ = {
			isa = PBXFrameworksBuildPhase;
			buildActionMask = 2147483647;
			files = (
			);
			runOnlyForDeploymentPostprocessing = 0;
		};
/* End PBXFrameworksBuildPhase section */

/* Begin PBXGroup section */
		E406A21523E2DCDA00F4ECC5 /* Supporting Files */ = {
			isa = PBXGroup;
			children = (
				E47204EA23E03B2100A6DA0D /* Info.plist */,
			);
			path = "Supporting Files";
			sourceTree = "<group>";
		};
		E406A21623E2DCEE00F4ECC5 /* Modules */ = {
			isa = PBXGroup;
			children = (
				E406A22223E2F4ED00F4ECC5 /* FullSized Photo */,
				E406A21723E2DCF300F4ECC5 /* TopItems */,
			);
			path = Modules;
			sourceTree = "<group>";
		};
		E406A21723E2DCF300F4ECC5 /* TopItems */ = {
			isa = PBXGroup;
			children = (
				E406A21923E2DD3E00F4ECC5 /* TopItemsPresenterTests.swift */,
			);
			path = TopItems;
			sourceTree = "<group>";
		};
		E406A21823E2DD0400F4ECC5 /* FullSized Photo */ = {
			isa = PBXGroup;
			children = (
				E460300223E1B7F2001E7978 /* Props */,
				E4602FF423E1B50A001E7978 /* PhotoViewController.storyboard */,
				E460300523E1B878001E7978 /* PhotoPresenter.swift */,
				E460300723E1B878001E7978 /* PhotoViewController.swift */,
				E460300823E1B878001E7978 /* PhotoProtocols.swift */,
				E460300923E1B878001E7978 /* PhotoAssembly.swift */,
				E460300A23E1B878001E7978 /* PhotoInteractor.swift */,
				E406A22523E2F95300F4ECC5 /* PhotoRouter.swift */,
			);
			path = "FullSized Photo";
			sourceTree = "<group>";
		};
		E406A21B23E2DEF300F4ECC5 /* Common */ = {
			isa = PBXGroup;
			children = (
				E406A21C23E2DEFF00F4ECC5 /* BaseError.swift */,
			);
			path = Common;
			sourceTree = "<group>";
		};
		E406A21E23E2DF6300F4ECC5 /* Test Data */ = {
			isa = PBXGroup;
			children = (
				E406A21F23E2DF9200F4ECC5 /* TopItemsTestData.json */,
			);
			path = "Test Data";
			sourceTree = "<group>";
		};
		E406A22223E2F4ED00F4ECC5 /* FullSized Photo */ = {
			isa = PBXGroup;
			children = (
				E406A22323E2F51900F4ECC5 /* PhotoPresenterUnitTests.swift */,
			);
			path = "FullSized Photo";
			sourceTree = "<group>";
		};
		E4592F4523E05C8F00102B8D /* Supporting Files */ = {
			isa = PBXGroup;
			children = (
				E47204DF23E03B2000A6DA0D /* Info.plist */,
				E4602FE123E09974001E7978 /* Main.storyboard */,
				E47204DC23E03B2000A6DA0D /* LaunchScreen.storyboard */,
			);
			path = "Supporting Files";
			sourceTree = "<group>";
		};
		E4592F4623E05D0D00102B8D /* Sources */ = {
			isa = PBXGroup;
			children = (
				E4602F9223E06026001E7978 /* Common */,
				E4592F4723E05D1400102B8D /* API */,
			);
			path = Sources;
			sourceTree = "<group>";
		};
		E4592F4723E05D1400102B8D /* API */ = {
			isa = PBXGroup;
			children = (
				E4592F4823E05D2C00102B8D /* RedditAPI.swift */,
			);
			path = API;
			sourceTree = "<group>";
		};
		E4602F9223E06026001E7978 /* Common */ = {
			isa = PBXGroup;
			children = (
				E4602FD623E07699001E7978 /* Extensions */,
				E4602FD223E07520001E7978 /* Structs */,
				E4602FB923E06FE0001E7978 /* ViewControllers */,
				E4602FB223E06EE7001E7978 /* Classes */,
				E4602FAF23E06E36001E7978 /* Protocols */,
				E4602F9C23E06C86001E7978 /* Network Layer */,
				E4602F9323E0602C001E7978 /* Models */,
			);
			path = Common;
			sourceTree = "<group>";
		};
		E4602F9323E0602C001E7978 /* Models */ = {
			isa = PBXGroup;
			children = (
				E4602F9423E06035001E7978 /* Codable */,
			);
			path = Models;
			sourceTree = "<group>";
		};
		E4602F9423E06035001E7978 /* Codable */ = {
			isa = PBXGroup;
			children = (
				E4602F9523E06041001E7978 /* Post.swift */,
			);
			path = Codable;
			sourceTree = "<group>";
		};
		E4602F9C23E06C86001E7978 /* Network Layer */ = {
			isa = PBXGroup;
			children = (
				E4602F9723E06941001E7978 /* NetworkLayer.swift */,
				E4602F9923E06971001E7978 /* NetworkLogger.swift */,
			);
			path = "Network Layer";
			sourceTree = "<group>";
		};
		E4602F9D23E06D3E001E7978 /* Modules */ = {
			isa = PBXGroup;
			children = (
				E406A21823E2DD0400F4ECC5 /* FullSized Photo */,
				E4602F9E23E06D49001E7978 /* Top Items */,
			);
			path = Modules;
			sourceTree = "<group>";
		};
		E4602F9E23E06D49001E7978 /* Top Items */ = {
			isa = PBXGroup;
			children = (
				E4602FD523E0759F001E7978 /* Views */,
				E4602FB523E06F60001E7978 /* Props */,
				E4602FAC23E06DFC001E7978 /* Models */,
				E4602F9F23E06D6C001E7978 /* TopItemsPresenter.swift */,
				E4602FA023E06D6C001E7978 /* TopItemsRouter.swift */,
				E4602FA123E06D6C001E7978 /* TopItemsViewController.swift */,
				E4602FA323E06D6C001E7978 /* TopItemsAssembly.swift */,
				E4602FA423E06D6C001E7978 /* TopItemsInteractor.swift */,
				E47204D723E03B1F00A6DA0D /* TopItemsViewController.storyboard */,
			);
			path = "Top Items";
			sourceTree = "<group>";
		};
		E4602FAC23E06DFC001E7978 /* Models */ = {
			isa = PBXGroup;
			children = (
				E4602FAD23E06E0F001E7978 /* PostViewModel.swift */,
			);
			path = Models;
			sourceTree = "<group>";
		};
		E4602FAF23E06E36001E7978 /* Protocols */ = {
			isa = PBXGroup;
			children = (
				E4602FB023E06E41001E7978 /* TableElement.swift */,
				E4602FDF23E0987B001E7978 /* StoryboardInstantiable.swift */,
			);
			path = Protocols;
			sourceTree = "<group>";
		};
		E4602FB223E06EE7001E7978 /* Classes */ = {
			isa = PBXGroup;
			children = (
				E4602FB323E06EFE001E7978 /* Command.swift */,
				E4602FE923E17614001E7978 /* AsyncImage.swift */,
				E4602FEB23E1766F001E7978 /* ImageDownloadHelper.swift */,
				E460301123E1BD3D001E7978 /* CustomError.swift */,
				E460301523E1D2A3001E7978 /* ImageSaver.swift */,
			);
			path = Classes;
			sourceTree = "<group>";
		};
		E4602FB523E06F60001E7978 /* Props */ = {
			isa = PBXGroup;
			children = (
				E4602FB723E06F77001E7978 /* TopItemsProps.swift */,
			);
			path = Props;
			sourceTree = "<group>";
		};
		E4602FB923E06FE0001E7978 /* ViewControllers */ = {
			isa = PBXGroup;
			children = (
				E4602FBA23E06FEE001E7978 /* BaseViewController.swift */,
			);
			path = ViewControllers;
			sourceTree = "<group>";
		};
		E4602FD223E07520001E7978 /* Structs */ = {
			isa = PBXGroup;
			children = (
				E4602FD323E0752B001E7978 /* Lens.swift */,
				E460301B23E2C78E001E7978 /* StateRestorationRouter.swift */,
			);
			path = Structs;
			sourceTree = "<group>";
		};
		E4602FD523E0759F001E7978 /* Views */ = {
			isa = PBXGroup;
			children = (
				E4602FD923E07766001E7978 /* PostTableViewCell.swift */,
				E4602FDB23E07835001E7978 /* PostTableViewCell.xib */,
			);
			path = Views;
			sourceTree = "<group>";
		};
		E4602FD623E07699001E7978 /* Extensions */ = {
			isa = PBXGroup;
			children = (
				E4602FDD23E07D6E001E7978 /* Array+Extensions.swift */,
				E4602FE323E0A642001E7978 /* UITableView+Extensions.swift */,
				E4602FE523E0A697001E7978 /* UINib+Extensions.swift */,
				E4602FED23E182A3001E7978 /* Optionals+Extensions.swift */,
				E4602FEF23E1850D001E7978 /* Date+Extensions.swift */,
			);
			path = Extensions;
			sourceTree = "<group>";
		};
		E460300223E1B7F2001E7978 /* Props */ = {
			isa = PBXGroup;
			children = (
				E460300323E1B813001E7978 /* PhotoProps.swift */,
			);
			path = Props;
			sourceTree = "<group>";
		};
		E47204C523E03B1F00A6DA0D = {
			isa = PBXGroup;
			children = (
				E47204D123E03B1F00A6DA0D /* AppDelegate.swift */,
				E47204D323E03B1F00A6DA0D /* SceneDelegate.swift */,
				E47204D023E03B1F00A6DA0D /* RingTestProject */,
				E47204E723E03B2100A6DA0D /* RingTestProjectTests */,
				E47204CF23E03B1F00A6DA0D /* Products */,
			);
			sourceTree = "<group>";
		};
		E47204CF23E03B1F00A6DA0D /* Products */ = {
			isa = PBXGroup;
			children = (
				E47204CE23E03B1F00A6DA0D /* RingTestProject.app */,
				E47204E423E03B2100A6DA0D /* RingTestProjectTests.xctest */,
			);
			name = Products;
			sourceTree = "<group>";
		};
		E47204D023E03B1F00A6DA0D /* RingTestProject */ = {
			isa = PBXGroup;
			children = (
				E4602F9D23E06D3E001E7978 /* Modules */,
				E4592F4623E05D0D00102B8D /* Sources */,
				E4592F4523E05C8F00102B8D /* Supporting Files */,
				E47204DA23E03B2000A6DA0D /* Assets.xcassets */,
			);
			path = RingTestProject;
			sourceTree = "<group>";
		};
		E47204E723E03B2100A6DA0D /* RingTestProjectTests */ = {
			isa = PBXGroup;
			children = (
				E406A21E23E2DF6300F4ECC5 /* Test Data */,
				E406A21B23E2DEF300F4ECC5 /* Common */,
				E406A21623E2DCEE00F4ECC5 /* Modules */,
				E406A21523E2DCDA00F4ECC5 /* Supporting Files */,
			);
			path = RingTestProjectTests;
			sourceTree = "<group>";
		};
/* End PBXGroup section */

/* Begin PBXNativeTarget section */
		E47204CD23E03B1F00A6DA0D /* RingTestProject */ = {
			isa = PBXNativeTarget;
			buildConfigurationList = E47204ED23E03B2100A6DA0D /* Build configuration list for PBXNativeTarget "RingTestProject" */;
			buildPhases = (
				E47204CA23E03B1F00A6DA0D /* Sources */,
				E47204CB23E03B1F00A6DA0D /* Frameworks */,
				E47204CC23E03B1F00A6DA0D /* Resources */,
			);
			buildRules = (
			);
			dependencies = (
			);
			name = RingTestProject;
			productName = RingTestProject;
			productReference = E47204CE23E03B1F00A6DA0D /* RingTestProject.app */;
			productType = "com.apple.product-type.application";
		};
		E47204E323E03B2100A6DA0D /* RingTestProjectTests */ = {
			isa = PBXNativeTarget;
			buildConfigurationList = E47204F023E03B2100A6DA0D /* Build configuration list for PBXNativeTarget "RingTestProjectTests" */;
			buildPhases = (
				E47204E023E03B2100A6DA0D /* Sources */,
				E47204E123E03B2100A6DA0D /* Frameworks */,
				E47204E223E03B2100A6DA0D /* Resources */,
			);
			buildRules = (
			);
			dependencies = (
				E47204E623E03B2100A6DA0D /* PBXTargetDependency */,
			);
			name = RingTestProjectTests;
			productName = RingTestProjectTests;
			productReference = E47204E423E03B2100A6DA0D /* RingTestProjectTests.xctest */;
			productType = "com.apple.product-type.bundle.unit-test";
		};
/* End PBXNativeTarget section */

/* Begin PBXProject section */
		E47204C623E03B1F00A6DA0D /* Project object */ = {
			isa = PBXProject;
			attributes = {
				LastSwiftUpdateCheck = 1130;
				LastUpgradeCheck = 1200;
				ORGANIZATIONNAME = "Yaroslav Nosik";
				TargetAttributes = {
					E47204CD23E03B1F00A6DA0D = {
						CreatedOnToolsVersion = 11.3.1;
					};
					E47204E323E03B2100A6DA0D = {
						CreatedOnToolsVersion = 11.3.1;
						TestTargetID = E47204CD23E03B1F00A6DA0D;
					};
				};
			};
			buildConfigurationList = E47204C923E03B1F00A6DA0D /* Build configuration list for PBXProject "RingTestProject" */;
			compatibilityVersion = "Xcode 9.3";
			developmentRegion = en;
			hasScannedForEncodings = 0;
			knownRegions = (
				en,
				Base,
				ru,
				uk,
			);
			mainGroup = E47204C523E03B1F00A6DA0D;
			productRefGroup = E47204CF23E03B1F00A6DA0D /* Products */;
			projectDirPath = "";
			projectRoot = "";
			targets = (
				E47204CD23E03B1F00A6DA0D /* RingTestProject */,
				E47204E323E03B2100A6DA0D /* RingTestProjectTests */,
			);
		};
/* End PBXProject section */

/* Begin PBXResourcesBuildPhase section */
		E47204CC23E03B1F00A6DA0D /* Resources */ = {
			isa = PBXResourcesBuildPhase;
			buildActionMask = 2147483647;
			files = (
				E4602FF523E1B50A001E7978 /* PhotoViewController.storyboard in Resources */,
				E47204DE23E03B2000A6DA0D /* LaunchScreen.storyboard in Resources */,
				E4602FDC23E07835001E7978 /* PostTableViewCell.xib in Resources */,
				E47204DB23E03B2000A6DA0D /* Assets.xcassets in Resources */,
				E406A22123E2F47600F4ECC5 /* TopItemsTestData.json in Resources */,
				E4602FE223E09974001E7978 /* Main.storyboard in Resources */,
				E47204D923E03B1F00A6DA0D /* TopItemsViewController.storyboard in Resources */,
			);
			runOnlyForDeploymentPostprocessing = 0;
		};
		E47204E223E03B2100A6DA0D /* Resources */ = {
			isa = PBXResourcesBuildPhase;
			buildActionMask = 2147483647;
			files = (
			);
			runOnlyForDeploymentPostprocessing = 0;
		};
/* End PBXResourcesBuildPhase section */

/* Begin PBXSourcesBuildPhase section */
		E47204CA23E03B1F00A6DA0D /* Sources */ = {
			isa = PBXSourcesBuildPhase;
			buildActionMask = 2147483647;
			files = (
				E4602FEA23E17614001E7978 /* AsyncImage.swift in Sources */,
				E460301023E1B879001E7978 /* PhotoInteractor.swift in Sources */,
				E4602FA623E06D6C001E7978 /* TopItemsRouter.swift in Sources */,
				E406A22623E2F95300F4ECC5 /* PhotoRouter.swift in Sources */,
				E4602FA723E06D6C001E7978 /* TopItemsViewController.swift in Sources */,
				E4602F9A23E06971001E7978 /* NetworkLogger.swift in Sources */,
				E4602FE423E0A642001E7978 /* UITableView+Extensions.swift in Sources */,
				E4602F9823E06941001E7978 /* NetworkLayer.swift in Sources */,
				E4602FAA23E06D6C001E7978 /* TopItemsInteractor.swift in Sources */,
				E4602FEE23E182A3001E7978 /* Optionals+Extensions.swift in Sources */,
				E4602FBB23E06FEE001E7978 /* BaseViewController.swift in Sources */,
				E4592F4923E05D2C00102B8D /* RedditAPI.swift in Sources */,
				E460301C23E2C78E001E7978 /* StateRestorationRouter.swift in Sources */,
				E4602FE023E0987B001E7978 /* StoryboardInstantiable.swift in Sources */,
				E4602FD423E0752B001E7978 /* Lens.swift in Sources */,
				E4602FB423E06EFE001E7978 /* Command.swift in Sources */,
				E47204D223E03B1F00A6DA0D /* AppDelegate.swift in Sources */,
				E460300B23E1B878001E7978 /* PhotoPresenter.swift in Sources */,
				E4602FDA23E07766001E7978 /* PostTableViewCell.swift in Sources */,
				E4602FAE23E06E0F001E7978 /* PostViewModel.swift in Sources */,
				E4602FB123E06E41001E7978 /* TableElement.swift in Sources */,
				E460301623E1D2A3001E7978 /* ImageSaver.swift in Sources */,
				E4602FDE23E07D6E001E7978 /* Array+Extensions.swift in Sources */,
				E47204D423E03B1F00A6DA0D /* SceneDelegate.swift in Sources */,
				E4602FB823E06F77001E7978 /* TopItemsProps.swift in Sources */,
				E4602FEC23E1766F001E7978 /* ImageDownloadHelper.swift in Sources */,
				E460300D23E1B879001E7978 /* PhotoViewController.swift in Sources */,
				E4602FF023E1850D001E7978 /* Date+Extensions.swift in Sources */,
				E460300423E1B813001E7978 /* PhotoProps.swift in Sources */,
				E4602F9623E06041001E7978 /* Post.swift in Sources */,
				E4602FE623E0A697001E7978 /* UINib+Extensions.swift in Sources */,
				E460301223E1BD3D001E7978 /* CustomError.swift in Sources */,
				E460300F23E1B879001E7978 /* PhotoAssembly.swift in Sources */,
				E460300E23E1B879001E7978 /* PhotoProtocols.swift in Sources */,
				E4602FA923E06D6C001E7978 /* TopItemsAssembly.swift in Sources */,
				E4602FA523E06D6C001E7978 /* TopItemsPresenter.swift in Sources */,
			);
			runOnlyForDeploymentPostprocessing = 0;
		};
		E47204E023E03B2100A6DA0D /* Sources */ = {
			isa = PBXSourcesBuildPhase;
			buildActionMask = 2147483647;
			files = (
				E406A21A23E2DD3E00F4ECC5 /* TopItemsPresenterTests.swift in Sources */,
				E406A22423E2F51900F4ECC5 /* PhotoPresenterUnitTests.swift in Sources */,
				E406A21D23E2DEFF00F4ECC5 /* BaseError.swift in Sources */,
			);
			runOnlyForDeploymentPostprocessing = 0;
		};
/* End PBXSourcesBuildPhase section */

/* Begin PBXTargetDependency section */
		E47204E623E03B2100A6DA0D /* PBXTargetDependency */ = {
			isa = PBXTargetDependency;
			target = E47204CD23E03B1F00A6DA0D /* RingTestProject */;
			targetProxy = E47204E523E03B2100A6DA0D /* PBXContainerItemProxy */;
		};
/* End PBXTargetDependency section */

/* Begin PBXVariantGroup section */
		E47204D723E03B1F00A6DA0D /* TopItemsViewController.storyboard */ = {
			isa = PBXVariantGroup;
			children = (
				E47204D823E03B1F00A6DA0D /* Base */,
			);
			name = TopItemsViewController.storyboard;
			sourceTree = "<group>";
		};
		E47204DC23E03B2000A6DA0D /* LaunchScreen.storyboard */ = {
			isa = PBXVariantGroup;
			children = (
				E47204DD23E03B2000A6DA0D /* Base */,
			);
			name = LaunchScreen.storyboard;
			sourceTree = "<group>";
		};
/* End PBXVariantGroup section */

/* Begin XCBuildConfiguration section */
		E47204EB23E03B2100A6DA0D /* Debug */ = {
			isa = XCBuildConfiguration;
			buildSettings = {
				ALWAYS_SEARCH_USER_PATHS = NO;
				CLANG_ANALYZER_LOCALIZABILITY_NONLOCALIZED = YES;
				CLANG_ANALYZER_NONNULL = YES;
				CLANG_ANALYZER_NUMBER_OBJECT_CONVERSION = YES_AGGRESSIVE;
				CLANG_CXX_LANGUAGE_STANDARD = "gnu++14";
				CLANG_CXX_LIBRARY = "libc++";
				CLANG_ENABLE_MODULES = YES;
				CLANG_ENABLE_OBJC_ARC = YES;
				CLANG_ENABLE_OBJC_WEAK = YES;
				CLANG_WARN_BLOCK_CAPTURE_AUTORELEASING = YES;
				CLANG_WARN_BOOL_CONVERSION = YES;
				CLANG_WARN_COMMA = YES;
				CLANG_WARN_CONSTANT_CONVERSION = YES;
				CLANG_WARN_DEPRECATED_OBJC_IMPLEMENTATIONS = YES;
				CLANG_WARN_DIRECT_OBJC_ISA_USAGE = YES_ERROR;
				CLANG_WARN_DOCUMENTATION_COMMENTS = YES;
				CLANG_WARN_EMPTY_BODY = YES;
				CLANG_WARN_ENUM_CONVERSION = YES;
				CLANG_WARN_INFINITE_RECURSION = YES;
				CLANG_WARN_INT_CONVERSION = YES;
				CLANG_WARN_NON_LITERAL_NULL_CONVERSION = YES;
				CLANG_WARN_OBJC_IMPLICIT_RETAIN_SELF = YES;
				CLANG_WARN_OBJC_LITERAL_CONVERSION = YES;
				CLANG_WARN_OBJC_ROOT_CLASS = YES_ERROR;
				CLANG_WARN_QUOTED_INCLUDE_IN_FRAMEWORK_HEADER = YES;
				CLANG_WARN_RANGE_LOOP_ANALYSIS = YES;
				CLANG_WARN_STRICT_PROTOTYPES = YES;
				CLANG_WARN_SUSPICIOUS_MOVE = YES;
				CLANG_WARN_UNGUARDED_AVAILABILITY = YES_AGGRESSIVE;
				CLANG_WARN_UNREACHABLE_CODE = YES;
				CLANG_WARN__DUPLICATE_METHOD_MATCH = YES;
				COPY_PHASE_STRIP = NO;
				DEBUG_INFORMATION_FORMAT = dwarf;
				ENABLE_STRICT_OBJC_MSGSEND = YES;
				ENABLE_TESTABILITY = YES;
				GCC_C_LANGUAGE_STANDARD = gnu11;
				GCC_DYNAMIC_NO_PIC = NO;
				GCC_NO_COMMON_BLOCKS = YES;
				GCC_OPTIMIZATION_LEVEL = 0;
				GCC_PREPROCESSOR_DEFINITIONS = (
					"DEBUG=1",
					"$(inherited)",
				);
				GCC_WARN_64_TO_32_BIT_CONVERSION = YES;
				GCC_WARN_ABOUT_RETURN_TYPE = YES_ERROR;
				GCC_WARN_UNDECLARED_SELECTOR = YES;
				GCC_WARN_UNINITIALIZED_AUTOS = YES_AGGRESSIVE;
				GCC_WARN_UNUSED_FUNCTION = YES;
				GCC_WARN_UNUSED_VARIABLE = YES;
				IPHONEOS_DEPLOYMENT_TARGET = 13.2;
				MTL_ENABLE_DEBUG_INFO = INCLUDE_SOURCE;
				MTL_FAST_MATH = YES;
				ONLY_ACTIVE_ARCH = YES;
				SDKROOT = iphoneos;
				SWIFT_ACTIVE_COMPILATION_CONDITIONS = DEBUG;
				SWIFT_OPTIMIZATION_LEVEL = "-Onone";
			};
			name = Debug;
		};
		E47204EC23E03B2100A6DA0D /* Release */ = {
			isa = XCBuildConfiguration;
			buildSettings = {
				ALWAYS_SEARCH_USER_PATHS = NO;
				CLANG_ANALYZER_LOCALIZABILITY_NONLOCALIZED = YES;
				CLANG_ANALYZER_NONNULL = YES;
				CLANG_ANALYZER_NUMBER_OBJECT_CONVERSION = YES_AGGRESSIVE;
				CLANG_CXX_LANGUAGE_STANDARD = "gnu++14";
				CLANG_CXX_LIBRARY = "libc++";
				CLANG_ENABLE_MODULES = YES;
				CLANG_ENABLE_OBJC_ARC = YES;
				CLANG_ENABLE_OBJC_WEAK = YES;
				CLANG_WARN_BLOCK_CAPTURE_AUTORELEASING = YES;
				CLANG_WARN_BOOL_CONVERSION = YES;
				CLANG_WARN_COMMA = YES;
				CLANG_WARN_CONSTANT_CONVERSION = YES;
				CLANG_WARN_DEPRECATED_OBJC_IMPLEMENTATIONS = YES;
				CLANG_WARN_DIRECT_OBJC_ISA_USAGE = YES_ERROR;
				CLANG_WARN_DOCUMENTATION_COMMENTS = YES;
				CLANG_WARN_EMPTY_BODY = YES;
				CLANG_WARN_ENUM_CONVERSION = YES;
				CLANG_WARN_INFINITE_RECURSION = YES;
				CLANG_WARN_INT_CONVERSION = YES;
				CLANG_WARN_NON_LITERAL_NULL_CONVERSION = YES;
				CLANG_WARN_OBJC_IMPLICIT_RETAIN_SELF = YES;
				CLANG_WARN_OBJC_LITERAL_CONVERSION = YES;
				CLANG_WARN_OBJC_ROOT_CLASS = YES_ERROR;
				CLANG_WARN_QUOTED_INCLUDE_IN_FRAMEWORK_HEADER = YES;
				CLANG_WARN_RANGE_LOOP_ANALYSIS = YES;
				CLANG_WARN_STRICT_PROTOTYPES = YES;
				CLANG_WARN_SUSPICIOUS_MOVE = YES;
				CLANG_WARN_UNGUARDED_AVAILABILITY = YES_AGGRESSIVE;
				CLANG_WARN_UNREACHABLE_CODE = YES;
				CLANG_WARN__DUPLICATE_METHOD_MATCH = YES;
				COPY_PHASE_STRIP = NO;
				DEBUG_INFORMATION_FORMAT = "dwarf-with-dsym";
				ENABLE_NS_ASSERTIONS = NO;
				ENABLE_STRICT_OBJC_MSGSEND = YES;
				GCC_C_LANGUAGE_STANDARD = gnu11;
				GCC_NO_COMMON_BLOCKS = YES;
				GCC_WARN_64_TO_32_BIT_CONVERSION = YES;
				GCC_WARN_ABOUT_RETURN_TYPE = YES_ERROR;
				GCC_WARN_UNDECLARED_SELECTOR = YES;
				GCC_WARN_UNINITIALIZED_AUTOS = YES_AGGRESSIVE;
				GCC_WARN_UNUSED_FUNCTION = YES;
				GCC_WARN_UNUSED_VARIABLE = YES;
				IPHONEOS_DEPLOYMENT_TARGET = 13.2;
				MTL_ENABLE_DEBUG_INFO = NO;
				MTL_FAST_MATH = YES;
				SDKROOT = iphoneos;
				SWIFT_COMPILATION_MODE = wholemodule;
				SWIFT_OPTIMIZATION_LEVEL = "-O";
				VALIDATE_PRODUCT = YES;
			};
			name = Release;
		};
		E47204EE23E03B2100A6DA0D /* Debug */ = {
			isa = XCBuildConfiguration;
			buildSettings = {
				ASSETCATALOG_COMPILER_APPICON_NAME = AppIcon;
				CODE_SIGN_STYLE = Automatic;
				DEVELOPMENT_TEAM = 76GG7HFJPV;
				INFOPLIST_FILE = "$(SRCROOT)/RingTestProject/Supporting Files/Info.plist";
				LD_RUNPATH_SEARCH_PATHS = (
					"$(inherited)",
					"@executable_path/Frameworks",
				);
				PRODUCT_BUNDLE_IDENTIFIER = com.nosik.yaroslav.RingTestProject;
				PRODUCT_NAME = "$(TARGET_NAME)";
				SWIFT_VERSION = 5.0;
				TARGETED_DEVICE_FAMILY = 1;
			};
			name = Debug;
		};
		E47204EF23E03B2100A6DA0D /* Release */ = {
			isa = XCBuildConfiguration;
			buildSettings = {
				ASSETCATALOG_COMPILER_APPICON_NAME = AppIcon;
				CODE_SIGN_STYLE = Automatic;
				DEVELOPMENT_TEAM = 76GG7HFJPV;
				INFOPLIST_FILE = "$(SRCROOT)/RingTestProject/Supporting Files/Info.plist";
				LD_RUNPATH_SEARCH_PATHS = (
					"$(inherited)",
					"@executable_path/Frameworks",
				);
				PRODUCT_BUNDLE_IDENTIFIER = com.nosik.yaroslav.RingTestProject;
				PRODUCT_NAME = "$(TARGET_NAME)";
				SWIFT_VERSION = 5.0;
				TARGETED_DEVICE_FAMILY = 1;
			};
			name = Release;
		};
		E47204F123E03B2100A6DA0D /* Debug */ = {
			isa = XCBuildConfiguration;
			buildSettings = {
				ALWAYS_EMBED_SWIFT_STANDARD_LIBRARIES = YES;
				BUNDLE_LOADER = "$(TEST_HOST)";
				CODE_SIGN_STYLE = Automatic;
				DEVELOPMENT_TEAM = 76GG7HFJPV;
				INFOPLIST_FILE = "RingTestProjectTests/Supporting Files/Info.plist";
				IPHONEOS_DEPLOYMENT_TARGET = 13.2;
				LD_RUNPATH_SEARCH_PATHS = (
					"$(inherited)",
					"@executable_path/Frameworks",
					"@loader_path/Frameworks",
				);
				PRODUCT_BUNDLE_IDENTIFIER = com.nosik.yaroslav.RingTestProjectTests;
				PRODUCT_NAME = "$(TARGET_NAME)";
				SWIFT_VERSION = 5.0;
				TARGETED_DEVICE_FAMILY = "1,2";
				TEST_HOST = "$(BUILT_PRODUCTS_DIR)/RingTestProject.app/RingTestProject";
			};
			name = Debug;
		};
		E47204F223E03B2100A6DA0D /* Release */ = {
			isa = XCBuildConfiguration;
			buildSettings = {
				ALWAYS_EMBED_SWIFT_STANDARD_LIBRARIES = YES;
				BUNDLE_LOADER = "$(TEST_HOST)";
				CODE_SIGN_STYLE = Automatic;
				DEVELOPMENT_TEAM = 76GG7HFJPV;
				INFOPLIST_FILE = "RingTestProjectTests/Supporting Files/Info.plist";
				IPHONEOS_DEPLOYMENT_TARGET = 13.2;
				LD_RUNPATH_SEARCH_PATHS = (
					"$(inherited)",
					"@executable_path/Frameworks",
					"@loader_path/Frameworks",
				);
				PRODUCT_BUNDLE_IDENTIFIER = com.nosik.yaroslav.RingTestProjectTests;
				PRODUCT_NAME = "$(TARGET_NAME)";
				SWIFT_VERSION = 5.0;
				TARGETED_DEVICE_FAMILY = "1,2";
				TEST_HOST = "$(BUILT_PRODUCTS_DIR)/RingTestProject.app/RingTestProject";
			};
			name = Release;
		};
/* End XCBuildConfiguration section */

/* Begin XCConfigurationList section */
		E47204C923E03B1F00A6DA0D /* Build configuration list for PBXProject "RingTestProject" */ = {
			isa = XCConfigurationList;
			buildConfigurations = (
				E47204EB23E03B2100A6DA0D /* Debug */,
				E47204EC23E03B2100A6DA0D /* Release */,
			);
			defaultConfigurationIsVisible = 0;
			defaultConfigurationName = Release;
		};
		E47204ED23E03B2100A6DA0D /* Build configuration list for PBXNativeTarget "RingTestProject" */ = {
			isa = XCConfigurationList;
			buildConfigurations = (
				E47204EE23E03B2100A6DA0D /* Debug */,
				E47204EF23E03B2100A6DA0D /* Release */,
			);
			defaultConfigurationIsVisible = 0;
			defaultConfigurationName = Release;
		};
		E47204F023E03B2100A6DA0D /* Build configuration list for PBXNativeTarget "RingTestProjectTests" */ = {
			isa = XCConfigurationList;
			buildConfigurations = (
				E47204F123E03B2100A6DA0D /* Debug */,
				E47204F223E03B2100A6DA0D /* Release */,
			);
			defaultConfigurationIsVisible = 0;
			defaultConfigurationName = Release;
		};
/* End XCConfigurationList section */
	};
	rootObject = E47204C623E03B1F00A6DA0D /* Project object */;
}
