// !$*UTF8*$!
{
	archiveVersion = 1;
	classes = {
	};
	objectVersion = 50;
	objects = {

/* Begin PBXBuildFile section */
		E4592F4923E05D2C00102B8D /* RedditAPI.swift in Sources */ = {isa = PBXBuildFile; fileRef = E4592F4823E05D2C00102B8D /* RedditAPI.swift */; };
		E4602F9623E06041001E7978 /* Post.swift in Sources */ = {isa = PBXBuildFile; fileRef = E4602F9523E06041001E7978 /* Post.swift */; };
		E4602F9823E06941001E7978 /* NetworkLayer.swift in Sources */ = {isa = PBXBuildFile; fileRef = E4602F9723E06941001E7978 /* NetworkLayer.swift */; };
		E4602F9A23E06971001E7978 /* NetworkLogger.swift in Sources */ = {isa = PBXBuildFile; fileRef = E4602F9923E06971001E7978 /* NetworkLogger.swift */; };
		E4602FA523E06D6C001E7978 /* TopItemsPresenter.swift in Sources */ = {isa = PBXBuildFile; fileRef = E4602F9F23E06D6C001E7978 /* TopItemsPresenter.swift */; };
		E4602FA623E06D6C001E7978 /* TopItemsRouter.swift in Sources */ = {isa = PBXBuildFile; fileRef = E4602FA023E06D6C001E7978 /* TopItemsRouter.swift */; };
		E4602FA723E06D6C001E7978 /* TopItemsViewController.swift in Sources */ = {isa = PBXBuildFile; fileRef = E4602FA123E06D6C001E7978 /* TopItemsViewController.swift */; };
		E4602FA823E06D6C001E7978 /* TopItemsProtocols.swift in Sources */ = {isa = PBXBuildFile; fileRef = E4602FA223E06D6C001E7978 /* TopItemsProtocols.swift */; };
		E4602FA923E06D6C001E7978 /* TopItemsAssembly.swift in Sources */ = {isa = PBXBuildFile; fileRef = E4602FA323E06D6C001E7978 /* TopItemsAssembly.swift */; };
		E4602FAA23E06D6C001E7978 /* TopItemsInteractor.swift in Sources */ = {isa = PBXBuildFile; fileRef = E4602FA423E06D6C001E7978 /* TopItemsInteractor.swift */; };
		E4602FAE23E06E0F001E7978 /* PostViewModel.swift in Sources */ = {isa = PBXBuildFile; fileRef = E4602FAD23E06E0F001E7978 /* PostViewModel.swift */; };
		E4602FB123E06E41001E7978 /* TableElement.swift in Sources */ = {isa = PBXBuildFile; fileRef = E4602FB023E06E41001E7978 /* TableElement.swift */; };
		E4602FB423E06EFE001E7978 /* Command.swift in Sources */ = {isa = PBXBuildFile; fileRef = E4602FB323E06EFE001E7978 /* Command.swift */; };
		E4602FB823E06F77001E7978 /* TopItemsProps.swift in Sources */ = {isa = PBXBuildFile; fileRef = E4602FB723E06F77001E7978 /* TopItemsProps.swift */; };
		E4602FBB23E06FEE001E7978 /* BaseViewController.swift in Sources */ = {isa = PBXBuildFile; fileRef = E4602FBA23E06FEE001E7978 /* BaseViewController.swift */; };
		E4602FBF23E0726C001E7978 /* LocalizableTopItems.strings in Resources */ = {isa = PBXBuildFile; fileRef = E4602FC123E0726C001E7978 /* LocalizableTopItems.strings */; };
		E4602FCA23E072E5001E7978 /* LocalizationTopItems.swift in Sources */ = {isa = PBXBuildFile; fileRef = E4602FC923E072E5001E7978 /* LocalizationTopItems.swift */; };
		E4602FCC23E0734D001E7978 /* Localization.swift in Sources */ = {isa = PBXBuildFile; fileRef = E4602FCB23E0734D001E7978 /* Localization.swift */; };
		E4602FD423E0752B001E7978 /* Lens.swift in Sources */ = {isa = PBXBuildFile; fileRef = E4602FD323E0752B001E7978 /* Lens.swift */; };
		E47204D223E03B1F00A6DA0D /* AppDelegate.swift in Sources */ = {isa = PBXBuildFile; fileRef = E47204D123E03B1F00A6DA0D /* AppDelegate.swift */; };
		E47204D423E03B1F00A6DA0D /* SceneDelegate.swift in Sources */ = {isa = PBXBuildFile; fileRef = E47204D323E03B1F00A6DA0D /* SceneDelegate.swift */; };
		E47204D623E03B1F00A6DA0D /* ViewController.swift in Sources */ = {isa = PBXBuildFile; fileRef = E47204D523E03B1F00A6DA0D /* ViewController.swift */; };
		E47204D923E03B1F00A6DA0D /* Main.storyboard in Resources */ = {isa = PBXBuildFile; fileRef = E47204D723E03B1F00A6DA0D /* Main.storyboard */; };
		E47204DB23E03B2000A6DA0D /* Assets.xcassets in Resources */ = {isa = PBXBuildFile; fileRef = E47204DA23E03B2000A6DA0D /* Assets.xcassets */; };
		E47204DE23E03B2000A6DA0D /* LaunchScreen.storyboard in Resources */ = {isa = PBXBuildFile; fileRef = E47204DC23E03B2000A6DA0D /* LaunchScreen.storyboard */; };
		E47204E923E03B2100A6DA0D /* RingTestProjectTests.swift in Sources */ = {isa = PBXBuildFile; fileRef = E47204E823E03B2100A6DA0D /* RingTestProjectTests.swift */; };
/* End PBXBuildFile section */

/* Begin PBXContainerItemProxy section */
		E47204E523E03B2100A6DA0D /* PBXContainerItemProxy */ = {
			isa = PBXContainerItemProxy;
			containerPortal = E47204C623E03B1F00A6DA0D /* Project object */;
			proxyType = 1;
			remoteGlobalIDString = E47204CD23E03B1F00A6DA0D;
			remoteInfo = RingTestProject;
		};
/* End PBXContainerItemProxy section */

/* Begin PBXFileReference section */
		E4592F4823E05D2C00102B8D /* RedditAPI.swift */ = {isa = PBXFileReference; lastKnownFileType = sourcecode.swift; path = RedditAPI.swift; sourceTree = "<group>"; };
		E4602F9523E06041001E7978 /* Post.swift */ = {isa = PBXFileReference; lastKnownFileType = sourcecode.swift; path = Post.swift; sourceTree = "<group>"; };
		E4602F9723E06941001E7978 /* NetworkLayer.swift */ = {isa = PBXFileReference; lastKnownFileType = sourcecode.swift; path = NetworkLayer.swift; sourceTree = "<group>"; };
		E4602F9923E06971001E7978 /* NetworkLogger.swift */ = {isa = PBXFileReference; lastKnownFileType = sourcecode.swift; path = NetworkLogger.swift; sourceTree = "<group>"; };
		E4602F9F23E06D6C001E7978 /* TopItemsPresenter.swift */ = {isa = PBXFileReference; lastKnownFileType = sourcecode.swift; path = TopItemsPresenter.swift; sourceTree = "<group>"; };
		E4602FA023E06D6C001E7978 /* TopItemsRouter.swift */ = {isa = PBXFileReference; lastKnownFileType = sourcecode.swift; path = TopItemsRouter.swift; sourceTree = "<group>"; };
		E4602FA123E06D6C001E7978 /* TopItemsViewController.swift */ = {isa = PBXFileReference; lastKnownFileType = sourcecode.swift; path = TopItemsViewController.swift; sourceTree = "<group>"; };
		E4602FA223E06D6C001E7978 /* TopItemsProtocols.swift */ = {isa = PBXFileReference; lastKnownFileType = sourcecode.swift; path = TopItemsProtocols.swift; sourceTree = "<group>"; };
		E4602FA323E06D6C001E7978 /* TopItemsAssembly.swift */ = {isa = PBXFileReference; lastKnownFileType = sourcecode.swift; path = TopItemsAssembly.swift; sourceTree = "<group>"; };
		E4602FA423E06D6C001E7978 /* TopItemsInteractor.swift */ = {isa = PBXFileReference; lastKnownFileType = sourcecode.swift; path = TopItemsInteractor.swift; sourceTree = "<group>"; };
		E4602FAD23E06E0F001E7978 /* PostViewModel.swift */ = {isa = PBXFileReference; lastKnownFileType = sourcecode.swift; path = PostViewModel.swift; sourceTree = "<group>"; };
		E4602FB023E06E41001E7978 /* TableElement.swift */ = {isa = PBXFileReference; lastKnownFileType = sourcecode.swift; path = TableElement.swift; sourceTree = "<group>"; };
		E4602FB323E06EFE001E7978 /* Command.swift */ = {isa = PBXFileReference; lastKnownFileType = sourcecode.swift; path = Command.swift; sourceTree = "<group>"; };
		E4602FB723E06F77001E7978 /* TopItemsProps.swift */ = {isa = PBXFileReference; lastKnownFileType = sourcecode.swift; path = TopItemsProps.swift; sourceTree = "<group>"; };
		E4602FBA23E06FEE001E7978 /* BaseViewController.swift */ = {isa = PBXFileReference; lastKnownFileType = sourcecode.swift; path = BaseViewController.swift; sourceTree = "<group>"; };
		E4602FC223E07292001E7978 /* ru */ = {isa = PBXFileReference; lastKnownFileType = text.plist.strings; name = ru; path = ru.lproj/LaunchScreen.strings; sourceTree = "<group>"; };
		E4602FC323E07292001E7978 /* ru */ = {isa = PBXFileReference; lastKnownFileType = text.plist.strings; name = ru; path = ru.lproj/Main.strings; sourceTree = "<group>"; };
		E4602FC423E07292001E7978 /* ru */ = {isa = PBXFileReference; lastKnownFileType = text.plist.strings; name = ru; path = ru.lproj/LocalizableTopItems.strings; sourceTree = "<group>"; };
		E4602FC523E0729F001E7978 /* uk */ = {isa = PBXFileReference; lastKnownFileType = text.plist.strings; name = uk; path = uk.lproj/LaunchScreen.strings; sourceTree = "<group>"; };
		E4602FC623E072A0001E7978 /* uk */ = {isa = PBXFileReference; lastKnownFileType = text.plist.strings; name = uk; path = uk.lproj/Main.strings; sourceTree = "<group>"; };
		E4602FC723E072A0001E7978 /* uk */ = {isa = PBXFileReference; lastKnownFileType = text.plist.strings; name = uk; path = uk.lproj/LocalizableTopItems.strings; sourceTree = "<group>"; };
		E4602FC923E072E5001E7978 /* LocalizationTopItems.swift */ = {isa = PBXFileReference; lastKnownFileType = sourcecode.swift; path = LocalizationTopItems.swift; sourceTree = "<group>"; };
		E4602FCB23E0734D001E7978 /* Localization.swift */ = {isa = PBXFileReference; lastKnownFileType = sourcecode.swift; path = Localization.swift; sourceTree = "<group>"; };
		E4602FD323E0752B001E7978 /* Lens.swift */ = {isa = PBXFileReference; lastKnownFileType = sourcecode.swift; path = Lens.swift; sourceTree = "<group>"; };
		E47204CE23E03B1F00A6DA0D /* RingTestProject.app */ = {isa = PBXFileReference; explicitFileType = wrapper.application; includeInIndex = 0; path = RingTestProject.app; sourceTree = BUILT_PRODUCTS_DIR; };
		E47204D123E03B1F00A6DA0D /* AppDelegate.swift */ = {isa = PBXFileReference; lastKnownFileType = sourcecode.swift; path = AppDelegate.swift; sourceTree = "<group>"; };
		E47204D323E03B1F00A6DA0D /* SceneDelegate.swift */ = {isa = PBXFileReference; lastKnownFileType = sourcecode.swift; path = SceneDelegate.swift; sourceTree = "<group>"; };
		E47204D523E03B1F00A6DA0D /* ViewController.swift */ = {isa = PBXFileReference; lastKnownFileType = sourcecode.swift; path = ViewController.swift; sourceTree = "<group>"; };
		E47204D823E03B1F00A6DA0D /* Base */ = {isa = PBXFileReference; lastKnownFileType = file.storyboard; name = Base; path = Base.lproj/Main.storyboard; sourceTree = "<group>"; };
		E47204DA23E03B2000A6DA0D /* Assets.xcassets */ = {isa = PBXFileReference; lastKnownFileType = folder.assetcatalog; path = Assets.xcassets; sourceTree = "<group>"; };
		E47204DD23E03B2000A6DA0D /* Base */ = {isa = PBXFileReference; lastKnownFileType = file.storyboard; name = Base; path = Base.lproj/LaunchScreen.storyboard; sourceTree = "<group>"; };
		E47204DF23E03B2000A6DA0D /* Info.plist */ = {isa = PBXFileReference; lastKnownFileType = text.plist.xml; path = Info.plist; sourceTree = "<group>"; };
		E47204E423E03B2100A6DA0D /* RingTestProjectTests.xctest */ = {isa = PBXFileReference; explicitFileType = wrapper.cfbundle; includeInIndex = 0; path = RingTestProjectTests.xctest; sourceTree = BUILT_PRODUCTS_DIR; };
		E47204E823E03B2100A6DA0D /* RingTestProjectTests.swift */ = {isa = PBXFileReference; lastKnownFileType = sourcecode.swift; path = RingTestProjectTests.swift; sourceTree = "<group>"; };
		E47204EA23E03B2100A6DA0D /* Info.plist */ = {isa = PBXFileReference; lastKnownFileType = text.plist.xml; path = Info.plist; sourceTree = "<group>"; };
/* End PBXFileReference section */

/* Begin PBXFrameworksBuildPhase section */
		E47204CB23E03B1F00A6DA0D /* Frameworks */ = {
			isa = PBXFrameworksBuildPhase;
			buildActionMask = 2147483647;
			files = (
			);
			runOnlyForDeploymentPostprocessing = 0;
		};
		E47204E123E03B2100A6DA0D /* Frameworks */ = {
			isa = PBXFrameworksBuildPhase;
			buildActionMask = 2147483647;
			files = (
			);
			runOnlyForDeploymentPostprocessing = 0;
		};
/* End PBXFrameworksBuildPhase section */

/* Begin PBXGroup section */
		E4592F4523E05C8F00102B8D /* Supporting Files */ = {
			isa = PBXGroup;
			children = (
				E47204DF23E03B2000A6DA0D /* Info.plist */,
				E47204DC23E03B2000A6DA0D /* LaunchScreen.storyboard */,
			);
			path = "Supporting Files";
			sourceTree = "<group>";
		};
		E4592F4623E05D0D00102B8D /* Sources */ = {
			isa = PBXGroup;
			children = (
				E4602F9223E06026001E7978 /* Common */,
				E4592F4723E05D1400102B8D /* API */,
			);
			path = Sources;
			sourceTree = "<group>";
		};
		E4592F4723E05D1400102B8D /* API */ = {
			isa = PBXGroup;
			children = (
				E4592F4823E05D2C00102B8D /* RedditAPI.swift */,
			);
			path = API;
			sourceTree = "<group>";
		};
		E4602F9223E06026001E7978 /* Common */ = {
			isa = PBXGroup;
			children = (
				E4602FD223E07520001E7978 /* Structs */,
				E4602FB923E06FE0001E7978 /* ViewControllers */,
				E4602FB223E06EE7001E7978 /* Classes */,
				E4602FAF23E06E36001E7978 /* Protocols */,
				E4602F9C23E06C86001E7978 /* Network Layer */,
				E4602F9323E0602C001E7978 /* Models */,
			);
			path = Common;
			sourceTree = "<group>";
		};
		E4602F9323E0602C001E7978 /* Models */ = {
			isa = PBXGroup;
			children = (
				E4602F9423E06035001E7978 /* Codable */,
			);
			path = Models;
			sourceTree = "<group>";
		};
		E4602F9423E06035001E7978 /* Codable */ = {
			isa = PBXGroup;
			children = (
				E4602F9523E06041001E7978 /* Post.swift */,
			);
			path = Codable;
			sourceTree = "<group>";
		};
		E4602F9C23E06C86001E7978 /* Network Layer */ = {
			isa = PBXGroup;
			children = (
				E4602F9723E06941001E7978 /* NetworkLayer.swift */,
				E4602F9923E06971001E7978 /* NetworkLogger.swift */,
			);
			path = "Network Layer";
			sourceTree = "<group>";
		};
		E4602F9D23E06D3E001E7978 /* Modules */ = {
			isa = PBXGroup;
			children = (
				E4602F9E23E06D49001E7978 /* Top Items */,
			);
			path = Modules;
			sourceTree = "<group>";
		};
		E4602F9E23E06D49001E7978 /* Top Items */ = {
			isa = PBXGroup;
			children = (
				E4602FBC23E0720C001E7978 /* Localization */,
				E4602FB523E06F60001E7978 /* Props */,
				E4602FAC23E06DFC001E7978 /* Models */,
				E4602F9F23E06D6C001E7978 /* TopItemsPresenter.swift */,
				E4602FA023E06D6C001E7978 /* TopItemsRouter.swift */,
				E4602FA123E06D6C001E7978 /* TopItemsViewController.swift */,
				E4602FA223E06D6C001E7978 /* TopItemsProtocols.swift */,
				E4602FA323E06D6C001E7978 /* TopItemsAssembly.swift */,
				E4602FA423E06D6C001E7978 /* TopItemsInteractor.swift */,
			);
			path = "Top Items";
			sourceTree = "<group>";
		};
		E4602FAC23E06DFC001E7978 /* Models */ = {
			isa = PBXGroup;
			children = (
				E4602FAD23E06E0F001E7978 /* PostViewModel.swift */,
			);
			path = Models;
			sourceTree = "<group>";
		};
		E4602FAF23E06E36001E7978 /* Protocols */ = {
			isa = PBXGroup;
			children = (
				E4602FB023E06E41001E7978 /* TableElement.swift */,
			);
			path = Protocols;
			sourceTree = "<group>";
		};
		E4602FB223E06EE7001E7978 /* Classes */ = {
			isa = PBXGroup;
			children = (
				E4602FB323E06EFE001E7978 /* Command.swift */,
				E4602FCB23E0734D001E7978 /* Localization.swift */,
			);
			path = Classes;
			sourceTree = "<group>";
		};
		E4602FB523E06F60001E7978 /* Props */ = {
			isa = PBXGroup;
			children = (
				E4602FB723E06F77001E7978 /* TopItemsProps.swift */,
			);
			path = Props;
			sourceTree = "<group>";
		};
		E4602FB923E06FE0001E7978 /* ViewControllers */ = {
			isa = PBXGroup;
			children = (
				E4602FBA23E06FEE001E7978 /* BaseViewController.swift */,
			);
			path = ViewControllers;
			sourceTree = "<group>";
		};
		E4602FBC23E0720C001E7978 /* Localization */ = {
			isa = PBXGroup;
			children = (
				E4602FC123E0726C001E7978 /* LocalizableTopItems.strings */,
				E4602FC923E072E5001E7978 /* LocalizationTopItems.swift */,
			);
			path = Localization;
			sourceTree = "<group>";
		};
		E4602FD223E07520001E7978 /* Structs */ = {
			isa = PBXGroup;
			children = (
				E4602FD323E0752B001E7978 /* Lens.swift */,
			);
			path = Structs;
			sourceTree = "<group>";
		};
		E47204C523E03B1F00A6DA0D = {
			isa = PBXGroup;
			children = (
				E47204D123E03B1F00A6DA0D /* AppDelegate.swift */,
				E47204D323E03B1F00A6DA0D /* SceneDelegate.swift */,
				E47204D023E03B1F00A6DA0D /* RingTestProject */,
				E47204E723E03B2100A6DA0D /* RingTestProjectTests */,
				E47204CF23E03B1F00A6DA0D /* Products */,
			);
			sourceTree = "<group>";
		};
		E47204CF23E03B1F00A6DA0D /* Products */ = {
			isa = PBXGroup;
			children = (
				E47204CE23E03B1F00A6DA0D /* RingTestProject.app */,
				E47204E423E03B2100A6DA0D /* RingTestProjectTests.xctest */,
			);
			name = Products;
			sourceTree = "<group>";
		};
		E47204D023E03B1F00A6DA0D /* RingTestProject */ = {
			isa = PBXGroup;
			children = (
				E4602F9D23E06D3E001E7978 /* Modules */,
				E4592F4623E05D0D00102B8D /* Sources */,
				E4592F4523E05C8F00102B8D /* Supporting Files */,
				E47204D523E03B1F00A6DA0D /* ViewController.swift */,
				E47204D723E03B1F00A6DA0D /* Main.storyboard */,
				E47204DA23E03B2000A6DA0D /* Assets.xcassets */,
			);
			path = RingTestProject;
			sourceTree = "<group>";
		};
		E47204E723E03B2100A6DA0D /* RingTestProjectTests */ = {
			isa = PBXGroup;
			children = (
				E47204E823E03B2100A6DA0D /* RingTestProjectTests.swift */,
				E47204EA23E03B2100A6DA0D /* Info.plist */,
			);
			path = RingTestProjectTests;
			sourceTree = "<group>";
		};
/* End PBXGroup section */

/* Begin PBXNativeTarget section */
		E47204CD23E03B1F00A6DA0D /* RingTestProject */ = {
			isa = PBXNativeTarget;
			buildConfigurationList = E47204ED23E03B2100A6DA0D /* Build configuration list for PBXNativeTarget "RingTestProject" */;
			buildPhases = (
				E47204CA23E03B1F00A6DA0D /* Sources */,
				E47204CB23E03B1F00A6DA0D /* Frameworks */,
				E47204CC23E03B1F00A6DA0D /* Resources */,
			);
			buildRules = (
			);
			dependencies = (
			);
			name = RingTestProject;
			productName = RingTestProject;
			productReference = E47204CE23E03B1F00A6DA0D /* RingTestProject.app */;
			productType = "com.apple.product-type.application";
		};
		E47204E323E03B2100A6DA0D /* RingTestProjectTests */ = {
			isa = PBXNativeTarget;
			buildConfigurationList = E47204F023E03B2100A6DA0D /* Build configuration list for PBXNativeTarget "RingTestProjectTests" */;
			buildPhases = (
				E47204E023E03B2100A6DA0D /* Sources */,
				E47204E123E03B2100A6DA0D /* Frameworks */,
				E47204E223E03B2100A6DA0D /* Resources */,
			);
			buildRules = (
			);
			dependencies = (
				E47204E623E03B2100A6DA0D /* PBXTargetDependency */,
			);
			name = RingTestProjectTests;
			productName = RingTestProjectTests;
			productReference = E47204E423E03B2100A6DA0D /* RingTestProjectTests.xctest */;
			productType = "com.apple.product-type.bundle.unit-test";
		};
/* End PBXNativeTarget section */

/* Begin PBXProject section */
		E47204C623E03B1F00A6DA0D /* Project object */ = {
			isa = PBXProject;
			attributes = {
				LastSwiftUpdateCheck = 1130;
				LastUpgradeCheck = 1130;
				ORGANIZATIONNAME = "Yaroslav Nosik";
				TargetAttributes = {
					E47204CD23E03B1F00A6DA0D = {
						CreatedOnToolsVersion = 11.3.1;
					};
					E47204E323E03B2100A6DA0D = {
						CreatedOnToolsVersion = 11.3.1;
						TestTargetID = E47204CD23E03B1F00A6DA0D;
					};
				};
			};
			buildConfigurationList = E47204C923E03B1F00A6DA0D /* Build configuration list for PBXProject "RingTestProject" */;
			compatibilityVersion = "Xcode 9.3";
			developmentRegion = en;
			hasScannedForEncodings = 0;
			knownRegions = (
				en,
				Base,
				ru,
				uk,
			);
			mainGroup = E47204C523E03B1F00A6DA0D;
			productRefGroup = E47204CF23E03B1F00A6DA0D /* Products */;
			projectDirPath = "";
			projectRoot = "";
			targets = (
				E47204CD23E03B1F00A6DA0D /* RingTestProject */,
				E47204E323E03B2100A6DA0D /* RingTestProjectTests */,
			);
		};
/* End PBXProject section */

/* Begin PBXResourcesBuildPhase section */
		E47204CC23E03B1F00A6DA0D /* Resources */ = {
			isa = PBXResourcesBuildPhase;
			buildActionMask = 2147483647;
			files = (
				E47204DE23E03B2000A6DA0D /* LaunchScreen.storyboard in Resources */,
				E47204DB23E03B2000A6DA0D /* Assets.xcassets in Resources */,
				E4602FBF23E0726C001E7978 /* LocalizableTopItems.strings in Resources */,
				E47204D923E03B1F00A6DA0D /* Main.storyboard in Resources */,
			);
			runOnlyForDeploymentPostprocessing = 0;
		};
		E47204E223E03B2100A6DA0D /* Resources */ = {
			isa = PBXResourcesBuildPhase;
			buildActionMask = 2147483647;
			files = (
			);
			runOnlyForDeploymentPostprocessing = 0;
		};
/* End PBXResourcesBuildPhase section */

/* Begin PBXSourcesBuildPhase section */
		E47204CA23E03B1F00A6DA0D /* Sources */ = {
			isa = PBXSourcesBuildPhase;
			buildActionMask = 2147483647;
			files = (
				E4602FA623E06D6C001E7978 /* TopItemsRouter.swift in Sources */,
				E4602FA723E06D6C001E7978 /* TopItemsViewController.swift in Sources */,
				E4602F9A23E06971001E7978 /* NetworkLogger.swift in Sources */,
				E4602FCA23E072E5001E7978 /* LocalizationTopItems.swift in Sources */,
				E4602F9823E06941001E7978 /* NetworkLayer.swift in Sources */,
				E4602FAA23E06D6C001E7978 /* TopItemsInteractor.swift in Sources */,
				E4602FCC23E0734D001E7978 /* Localization.swift in Sources */,
				E4602FBB23E06FEE001E7978 /* BaseViewController.swift in Sources */,
				E4592F4923E05D2C00102B8D /* RedditAPI.swift in Sources */,
				E4602FD423E0752B001E7978 /* Lens.swift in Sources */,
				E47204D623E03B1F00A6DA0D /* ViewController.swift in Sources */,
				E4602FB423E06EFE001E7978 /* Command.swift in Sources */,
				E47204D223E03B1F00A6DA0D /* AppDelegate.swift in Sources */,
				E4602FAE23E06E0F001E7978 /* PostViewModel.swift in Sources */,
				E4602FA823E06D6C001E7978 /* TopItemsProtocols.swift in Sources */,
				E4602FB123E06E41001E7978 /* TableElement.swift in Sources */,
				E47204D423E03B1F00A6DA0D /* SceneDelegate.swift in Sources */,
				E4602FB823E06F77001E7978 /* TopItemsProps.swift in Sources */,
				E4602F9623E06041001E7978 /* Post.swift in Sources */,
				E4602FA923E06D6C001E7978 /* TopItemsAssembly.swift in Sources */,
				E4602FA523E06D6C001E7978 /* TopItemsPresenter.swift in Sources */,
			);
			runOnlyForDeploymentPostprocessing = 0;
		};
		E47204E023E03B2100A6DA0D /* Sources */ = {
			isa = PBXSourcesBuildPhase;
			buildActionMask = 2147483647;
			files = (
				E47204E923E03B2100A6DA0D /* RingTestProjectTests.swift in Sources */,
			);
			runOnlyForDeploymentPostprocessing = 0;
		};
/* End PBXSourcesBuildPhase section */

/* Begin PBXTargetDependency section */
		E47204E623E03B2100A6DA0D /* PBXTargetDependency */ = {
			isa = PBXTargetDependency;
			target = E47204CD23E03B1F00A6DA0D /* RingTestProject */;
			targetProxy = E47204E523E03B2100A6DA0D /* PBXContainerItemProxy */;
		};
/* End PBXTargetDependency section */

/* Begin PBXVariantGroup section */
		E4602FC123E0726C001E7978 /* LocalizableTopItems.strings */ = {
			isa = PBXVariantGroup;
			children = (
				E4602FC423E07292001E7978 /* ru */,
				E4602FC723E072A0001E7978 /* uk */,
			);
			name = LocalizableTopItems.strings;
			sourceTree = "<group>";
		};
		E47204D723E03B1F00A6DA0D /* Main.storyboard */ = {
			isa = PBXVariantGroup;
			children = (
				E47204D823E03B1F00A6DA0D /* Base */,
				E4602FC323E07292001E7978 /* ru */,
				E4602FC623E072A0001E7978 /* uk */,
			);
			name = Main.storyboard;
			sourceTree = "<group>";
		};
		E47204DC23E03B2000A6DA0D /* LaunchScreen.storyboard */ = {
			isa = PBXVariantGroup;
			children = (
				E47204DD23E03B2000A6DA0D /* Base */,
				E4602FC223E07292001E7978 /* ru */,
				E4602FC523E0729F001E7978 /* uk */,
			);
			name = LaunchScreen.storyboard;
			sourceTree = "<group>";
		};
/* End PBXVariantGroup section */

/* Begin XCBuildConfiguration section */
		E47204EB23E03B2100A6DA0D /* Debug */ = {
			isa = XCBuildConfiguration;
			buildSettings = {
				ALWAYS_SEARCH_USER_PATHS = NO;
				CLANG_ANALYZER_LOCALIZABILITY_NONLOCALIZED = YES;
				CLANG_ANALYZER_NONNULL = YES;
				CLANG_ANALYZER_NUMBER_OBJECT_CONVERSION = YES_AGGRESSIVE;
				CLANG_CXX_LANGUAGE_STANDARD = "gnu++14";
				CLANG_CXX_LIBRARY = "libc++";
				CLANG_ENABLE_MODULES = YES;
				CLANG_ENABLE_OBJC_ARC = YES;
				CLANG_ENABLE_OBJC_WEAK = YES;
				CLANG_WARN_BLOCK_CAPTURE_AUTORELEASING = YES;
				CLANG_WARN_BOOL_CONVERSION = YES;
				CLANG_WARN_COMMA = YES;
				CLANG_WARN_CONSTANT_CONVERSION = YES;
				CLANG_WARN_DEPRECATED_OBJC_IMPLEMENTATIONS = YES;
				CLANG_WARN_DIRECT_OBJC_ISA_USAGE = YES_ERROR;
				CLANG_WARN_DOCUMENTATION_COMMENTS = YES;
				CLANG_WARN_EMPTY_BODY = YES;
				CLANG_WARN_ENUM_CONVERSION = YES;
				CLANG_WARN_INFINITE_RECURSION = YES;
				CLANG_WARN_INT_CONVERSION = YES;
				CLANG_WARN_NON_LITERAL_NULL_CONVERSION = YES;
				CLANG_WARN_OBJC_IMPLICIT_RETAIN_SELF = YES;
				CLANG_WARN_OBJC_LITERAL_CONVERSION = YES;
				CLANG_WARN_OBJC_ROOT_CLASS = YES_ERROR;
				CLANG_WARN_RANGE_LOOP_ANALYSIS = YES;
				CLANG_WARN_STRICT_PROTOTYPES = YES;
				CLANG_WARN_SUSPICIOUS_MOVE = YES;
				CLANG_WARN_UNGUARDED_AVAILABILITY = YES_AGGRESSIVE;
				CLANG_WARN_UNREACHABLE_CODE = YES;
				CLANG_WARN__DUPLICATE_METHOD_MATCH = YES;
				COPY_PHASE_STRIP = NO;
				DEBUG_INFORMATION_FORMAT = dwarf;
				ENABLE_STRICT_OBJC_MSGSEND = YES;
				ENABLE_TESTABILITY = YES;
				GCC_C_LANGUAGE_STANDARD = gnu11;
				GCC_DYNAMIC_NO_PIC = NO;
				GCC_NO_COMMON_BLOCKS = YES;
				GCC_OPTIMIZATION_LEVEL = 0;
				GCC_PREPROCESSOR_DEFINITIONS = (
					"DEBUG=1",
					"$(inherited)",
				);
				GCC_WARN_64_TO_32_BIT_CONVERSION = YES;
				GCC_WARN_ABOUT_RETURN_TYPE = YES_ERROR;
				GCC_WARN_UNDECLARED_SELECTOR = YES;
				GCC_WARN_UNINITIALIZED_AUTOS = YES_AGGRESSIVE;
				GCC_WARN_UNUSED_FUNCTION = YES;
				GCC_WARN_UNUSED_VARIABLE = YES;
				IPHONEOS_DEPLOYMENT_TARGET = 13.2;
				MTL_ENABLE_DEBUG_INFO = INCLUDE_SOURCE;
				MTL_FAST_MATH = YES;
				ONLY_ACTIVE_ARCH = YES;
				SDKROOT = iphoneos;
				SWIFT_ACTIVE_COMPILATION_CONDITIONS = DEBUG;
				SWIFT_OPTIMIZATION_LEVEL = "-Onone";
			};
			name = Debug;
		};
		E47204EC23E03B2100A6DA0D /* Release */ = {
			isa = XCBuildConfiguration;
			buildSettings = {
				ALWAYS_SEARCH_USER_PATHS = NO;
				CLANG_ANALYZER_LOCALIZABILITY_NONLOCALIZED = YES;
				CLANG_ANALYZER_NONNULL = YES;
				CLANG_ANALYZER_NUMBER_OBJECT_CONVERSION = YES_AGGRESSIVE;
				CLANG_CXX_LANGUAGE_STANDARD = "gnu++14";
				CLANG_CXX_LIBRARY = "libc++";
				CLANG_ENABLE_MODULES = YES;
				CLANG_ENABLE_OBJC_ARC = YES;
				CLANG_ENABLE_OBJC_WEAK = YES;
				CLANG_WARN_BLOCK_CAPTURE_AUTORELEASING = YES;
				CLANG_WARN_BOOL_CONVERSION = YES;
				CLANG_WARN_COMMA = YES;
				CLANG_WARN_CONSTANT_CONVERSION = YES;
				CLANG_WARN_DEPRECATED_OBJC_IMPLEMENTATIONS = YES;
				CLANG_WARN_DIRECT_OBJC_ISA_USAGE = YES_ERROR;
				CLANG_WARN_DOCUMENTATION_COMMENTS = YES;
				CLANG_WARN_EMPTY_BODY = YES;
				CLANG_WARN_ENUM_CONVERSION = YES;
				CLANG_WARN_INFINITE_RECURSION = YES;
				CLANG_WARN_INT_CONVERSION = YES;
				CLANG_WARN_NON_LITERAL_NULL_CONVERSION = YES;
				CLANG_WARN_OBJC_IMPLICIT_RETAIN_SELF = YES;
				CLANG_WARN_OBJC_LITERAL_CONVERSION = YES;
				CLANG_WARN_OBJC_ROOT_CLASS = YES_ERROR;
				CLANG_WARN_RANGE_LOOP_ANALYSIS = YES;
				CLANG_WARN_STRICT_PROTOTYPES = YES;
				CLANG_WARN_SUSPICIOUS_MOVE = YES;
				CLANG_WARN_UNGUARDED_AVAILABILITY = YES_AGGRESSIVE;
				CLANG_WARN_UNREACHABLE_CODE = YES;
				CLANG_WARN__DUPLICATE_METHOD_MATCH = YES;
				COPY_PHASE_STRIP = NO;
				DEBUG_INFORMATION_FORMAT = "dwarf-with-dsym";
				ENABLE_NS_ASSERTIONS = NO;
				ENABLE_STRICT_OBJC_MSGSEND = YES;
				GCC_C_LANGUAGE_STANDARD = gnu11;
				GCC_NO_COMMON_BLOCKS = YES;
				GCC_WARN_64_TO_32_BIT_CONVERSION = YES;
				GCC_WARN_ABOUT_RETURN_TYPE = YES_ERROR;
				GCC_WARN_UNDECLARED_SELECTOR = YES;
				GCC_WARN_UNINITIALIZED_AUTOS = YES_AGGRESSIVE;
				GCC_WARN_UNUSED_FUNCTION = YES;
				GCC_WARN_UNUSED_VARIABLE = YES;
				IPHONEOS_DEPLOYMENT_TARGET = 13.2;
				MTL_ENABLE_DEBUG_INFO = NO;
				MTL_FAST_MATH = YES;
				SDKROOT = iphoneos;
				SWIFT_COMPILATION_MODE = wholemodule;
				SWIFT_OPTIMIZATION_LEVEL = "-O";
				VALIDATE_PRODUCT = YES;
			};
			name = Release;
		};
		E47204EE23E03B2100A6DA0D /* Debug */ = {
			isa = XCBuildConfiguration;
			buildSettings = {
				ASSETCATALOG_COMPILER_APPICON_NAME = AppIcon;
				CODE_SIGN_STYLE = Automatic;
				DEVELOPMENT_TEAM = 76GG7HFJPV;
				INFOPLIST_FILE = "$(SRCROOT)/RingTestProject/Supporting Files/Info.plist";
				LD_RUNPATH_SEARCH_PATHS = (
					"$(inherited)",
					"@executable_path/Frameworks",
				);
				PRODUCT_BUNDLE_IDENTIFIER = com.nosik.yaroslav.RingTestProject;
				PRODUCT_NAME = "$(TARGET_NAME)";
				SWIFT_VERSION = 5.0;
				TARGETED_DEVICE_FAMILY = 1;
			};
			name = Debug;
		};
		E47204EF23E03B2100A6DA0D /* Release */ = {
			isa = XCBuildConfiguration;
			buildSettings = {
				ASSETCATALOG_COMPILER_APPICON_NAME = AppIcon;
				CODE_SIGN_STYLE = Automatic;
				DEVELOPMENT_TEAM = 76GG7HFJPV;
				INFOPLIST_FILE = "$(SRCROOT)/RingTestProject/Supporting Files/Info.plist";
				LD_RUNPATH_SEARCH_PATHS = (
					"$(inherited)",
					"@executable_path/Frameworks",
				);
				PRODUCT_BUNDLE_IDENTIFIER = com.nosik.yaroslav.RingTestProject;
				PRODUCT_NAME = "$(TARGET_NAME)";
				SWIFT_VERSION = 5.0;
				TARGETED_DEVICE_FAMILY = 1;
			};
			name = Release;
		};
		E47204F123E03B2100A6DA0D /* Debug */ = {
			isa = XCBuildConfiguration;
			buildSettings = {
				ALWAYS_EMBED_SWIFT_STANDARD_LIBRARIES = YES;
				BUNDLE_LOADER = "$(TEST_HOST)";
				CODE_SIGN_STYLE = Automatic;
				DEVELOPMENT_TEAM = 76GG7HFJPV;
				INFOPLIST_FILE = RingTestProjectTests/Info.plist;
				IPHONEOS_DEPLOYMENT_TARGET = 13.2;
				LD_RUNPATH_SEARCH_PATHS = (
					"$(inherited)",
					"@executable_path/Frameworks",
					"@loader_path/Frameworks",
				);
				PRODUCT_BUNDLE_IDENTIFIER = com.nosik.yaroslav.RingTestProjectTests;
				PRODUCT_NAME = "$(TARGET_NAME)";
				SWIFT_VERSION = 5.0;
				TARGETED_DEVICE_FAMILY = "1,2";
				TEST_HOST = "$(BUILT_PRODUCTS_DIR)/RingTestProject.app/RingTestProject";
			};
			name = Debug;
		};
		E47204F223E03B2100A6DA0D /* Release */ = {
			isa = XCBuildConfiguration;
			buildSettings = {
				ALWAYS_EMBED_SWIFT_STANDARD_LIBRARIES = YES;
				BUNDLE_LOADER = "$(TEST_HOST)";
				CODE_SIGN_STYLE = Automatic;
				DEVELOPMENT_TEAM = 76GG7HFJPV;
				INFOPLIST_FILE = RingTestProjectTests/Info.plist;
				IPHONEOS_DEPLOYMENT_TARGET = 13.2;
				LD_RUNPATH_SEARCH_PATHS = (
					"$(inherited)",
					"@executable_path/Frameworks",
					"@loader_path/Frameworks",
				);
				PRODUCT_BUNDLE_IDENTIFIER = com.nosik.yaroslav.RingTestProjectTests;
				PRODUCT_NAME = "$(TARGET_NAME)";
				SWIFT_VERSION = 5.0;
				TARGETED_DEVICE_FAMILY = "1,2";
				TEST_HOST = "$(BUILT_PRODUCTS_DIR)/RingTestProject.app/RingTestProject";
			};
			name = Release;
		};
/* End XCBuildConfiguration section */

/* Begin XCConfigurationList section */
		E47204C923E03B1F00A6DA0D /* Build configuration list for PBXProject "RingTestProject" */ = {
			isa = XCConfigurationList;
			buildConfigurations = (
				E47204EB23E03B2100A6DA0D /* Debug */,
				E47204EC23E03B2100A6DA0D /* Release */,
			);
			defaultConfigurationIsVisible = 0;
			defaultConfigurationName = Release;
		};
		E47204ED23E03B2100A6DA0D /* Build configuration list for PBXNativeTarget "RingTestProject" */ = {
			isa = XCConfigurationList;
			buildConfigurations = (
				E47204EE23E03B2100A6DA0D /* Debug */,
				E47204EF23E03B2100A6DA0D /* Release */,
			);
			defaultConfigurationIsVisible = 0;
			defaultConfigurationName = Release;
		};
		E47204F023E03B2100A6DA0D /* Build configuration list for PBXNativeTarget "RingTestProjectTests" */ = {
			isa = XCConfigurationList;
			buildConfigurations = (
				E47204F123E03B2100A6DA0D /* Debug */,
				E47204F223E03B2100A6DA0D /* Release */,
			);
			defaultConfigurationIsVisible = 0;
			defaultConfigurationName = Release;
		};
/* End XCConfigurationList section */
	};
	rootObject = E47204C623E03B1F00A6DA0D /* Project object */;
}
